
Microsoft Visual Studio Solution File, Format Version 12.00
# Visual Studio Version 17
VisualStudioVersion = 17.3.32825.248
MinimumVisualStudioVersion = 10.0.40219.1
Project("{FAE04EC0-301F-11D3-BF4B-00C04F79EFBC}") = "Problema_1y2_Unidad_2", "Problema_1y2_Unidad_2\Problema_1y2_Unidad_2.csproj", "{77207227-746D-4C1D-958A-3F4560BAF858}"
EndProject
Global
	GlobalSection(SolutionConfigurationPlatforms) = preSolution
		Debug|Any CPU = Debug|Any CPU
		Release|Any CPU = Release|Any CPU
	EndGlobalSection
	GlobalSection(ProjectConfigurationPlatforms) = postSolution
		{77207227-746D-4C1D-958A-3F4560BAF858}.Debug|Any CPU.ActiveCfg = Debug|Any CPU
		{77207227-746D-4C1D-958A-3F4560BAF858}.Debug|Any CPU.Build.0 = Debug|Any CPU
		{77207227-746D-4C1D-958A-3F4560BAF858}.Release|Any CPU.ActiveCfg = Release|Any CPU
		{77207227-746D-4C1D-958A-3F4560BAF858}.Release|Any CPU.Build.0 = Release|Any CPU
	EndGlobalSection
	GlobalSection(SolutionProperties) = preSolution
		HideSolutionNode = FALSE
	EndGlobalSection
	GlobalSection(ExtensibilityGlobals) = postSolution
		SolutionGuid = {873F1E2A-FD2F-4132-92CD-86C1C50A0A56}
	EndGlobalSection
EndGlobal
